
Microsoft Visual Studio Solution File, Format Version 12.00
# Visual Studio 2013
VisualStudioVersion = 12.0.21005.1
MinimumVisualStudioVersion = 10.0.40219.1
Project("{FAE04EC0-301F-11D3-BF4B-00C04F79EFBC}") = "InterfaceExtensions", "InterfaceExtensions\InterfaceExtensions.csproj", "{A84AC2D1-564A-4EEE-A2B3-19E787C49068}"
EndProject
Global
	GlobalSection(SolutionConfigurationPlatforms) = preSolution
		Debug|Any CPU = Debug|Any CPU
		Release|Any CPU = Release|Any CPU
	EndGlobalSection
	GlobalSection(ProjectConfigurationPlatforms) = postSolution
		{A84AC2D1-564A-4EEE-A2B3-19E787C49068}.Debug|Any CPU.ActiveCfg = Debug|Any CPU
		{A84AC2D1-564A-4EEE-A2B3-19E787C49068}.Debug|Any CPU.Build.0 = Debug|Any CPU
		{A84AC2D1-564A-4EEE-A2B3-19E787C49068}.Release|Any CPU.ActiveCfg = Release|Any CPU
		{A84AC2D1-564A-4EEE-A2B3-19E787C49068}.Release|Any CPU.Build.0 = Release|Any CPU
	EndGlobalSection
	GlobalSection(SolutionProperties) = preSolution
		HideSolutionNode = FALSE
	EndGlobalSection
EndGlobal
