
Microsoft Visual Studio Solution File, Format Version 12.00
# Visual Studio Express 2013 for Windows Desktop
VisualStudioVersion = 12.0.30723.0
MinimumVisualStudioVersion = 10.0.40219.1
Project("{FAE04EC0-301F-11D3-BF4B-00C04F79EFBC}") = "FunWithObservableCollection", "FunWithObservableCollection\FunWithObservableCollection.csproj", "{E85E79F7-8C12-4FE9-A2D5-010FC153136F}"
EndProject
Global
	GlobalSection(SolutionConfigurationPlatforms) = preSolution
		Debug|Any CPU = Debug|Any CPU
		Release|Any CPU = Release|Any CPU
	EndGlobalSection
	GlobalSection(ProjectConfigurationPlatforms) = postSolution
		{E85E79F7-8C12-4FE9-A2D5-010FC153136F}.Debug|Any CPU.ActiveCfg = Debug|Any CPU
		{E85E79F7-8C12-4FE9-A2D5-010FC153136F}.Debug|Any CPU.Build.0 = Debug|Any CPU
		{E85E79F7-8C12-4FE9-A2D5-010FC153136F}.Release|Any CPU.ActiveCfg = Release|Any CPU
		{E85E79F7-8C12-4FE9-A2D5-010FC153136F}.Release|Any CPU.Build.0 = Release|Any CPU
	EndGlobalSection
	GlobalSection(SolutionProperties) = preSolution
		HideSolutionNode = FALSE
	EndGlobalSection
EndGlobal
